<?xml version="1.0" encoding="utf-8"?>
<Project ToolsVersion="4.0" xmlns="http://schemas.microsoft.com/developer/msbuild/2003">
  <ItemGroup>
    <Filter Include="资源文件">
      <UniqueIdentifier>{67DA6AB6-F800-4c08-8B7A-83BB121AAD01}</UniqueIdentifier>
      <Extensions>rc;ico;cur;bmp;dlg;rc2;rct;bin;rgs;gif;jpg;jpeg;jpe;resx;tiff;tif;png;wav;mfcribbon-ms</Extensions>
    </Filter>
  </ItemGroup>
  <ItemGroup>
    <ClInclude Include="common.h" />
    <ClInclude Include="usermode.h" />
    <ClInclude Include="EC\EC.h" />
    <ClInclude Include="EC\common.h" />
    <ClInclude Include="ext\curl\include\curl.h" />
    <ClInclude Include="ext\curl\include\curlver.h" />
    <ClInclude Include="ext\curl\include\easy.h" />
    <ClInclude Include="ext\curl\include\header.h" />
    <ClInclude Include="ext\curl\include\mprintf.h" />
    <ClInclude Include="ext\curl\include\multi.h" />
    <ClInclude Include="ext\curl\include\options.h" />
    <ClInclude Include="ext\curl\include\stdcheaders.h" />
    <ClInclude Include="ext\curl\include\system.h" />
    <ClInclude Include="ext\curl\include\typecheck-gcc.h" />
    <ClInclude Include="ext\curl\include\urlapi.h" />
    <ClInclude Include="ext\curl\include\websockets.h" />
    <ClInclude Include="ext\easywsclient\easywsclient.hpp" />
    <ClInclude Include="ext\fnv1a\fnv1a.hpp" />
    <ClInclude Include="ext\nlohmann\json.hpp" />
    <ClInclude Include="imgui\imconfig.h" />
    <ClInclude Include="imgui\imgui.h" />
    <ClInclude Include="imgui\imgui_internal.h" />
    <ClInclude Include="imgui\imstb_rectpack.h" />
    <ClInclude Include="imgui\imgui_impl_win32.h" />
    <ClInclude Include="imgui\imgui_impl_dx11.h" />
    <ClInclude Include="imgui\imstb_truetype.h" />
    <ClInclude Include="imgui\imstb_textedit.h" />
    <ClInclude Include="imgui\imgui_impl_glfw.h" />
    <ClInclude Include="GLFW\glfw3.h" />
    <ClInclude Include="GLFW\glfw3native.h" />
  </ItemGroup>
  <ItemGroup>
    <ClCompile Include="main.cpp" />
    <ClCompile Include="ext\easywsclient\easywsclient.cpp" />
    <ClCompile Include="Menu\loop.cpp" />
    <ClCompile Include="EC\EC.cpp" />
    <ClCompile Include="imgui\imgui.cpp" />
    <ClCompile Include="imgui\imgui_demo.cpp" />
    <ClCompile Include="imgui\imgui_draw.cpp" />
    <ClCompile Include="imgui\imgui_tables.cpp" />
    <ClCompile Include="imgui\imgui_widgets.cpp" />
    <ClCompile Include="imgui\imgui_impl_win32.cpp" />
    <ClCompile Include="imgui\imgui_impl_dx11.cpp" />
    <ClCompile Include="imgui\imgui_impl_glfw.cpp" />
  </ItemGroup>
</Project>